
Microsoft Visual Studio Solution File, Format Version 12.00
# Visual Studio Version 16
VisualStudioVersion = 16.0.29102.190
MinimumVisualStudioVersion = 10.0.40219.1
Project("{9A19103F-16F7-4668-BE54-9A1E7A4F7556}") = "AutoMapperSamples", "AutoMapperSamples\AutoMapperSamples.csproj", "{39C5E752-BA50-4B0B-B543-FDCBC96276A6}"
EndProject
Project("{2150E333-8FDC-42A3-9474-1A3956D46DE8}") = "MongoDbHelpers", "MongoDbHelpers", "{4D86A36A-78ED-405C-B502-073932A26B55}"
EndProject
Project("{9A19103F-16F7-4668-BE54-9A1E7A4F7556}") = "MongoHelper", "MongoHelper\MongoHelper.csproj", "{8758F4EB-ED2D-4406-AA4E-DDF2B8673518}"
EndProject
Project("{9A19103F-16F7-4668-BE54-9A1E7A4F7556}") = "MongoHelperJsonConvert", "MongoHelperJsonConvert\MongoHelperJsonConvert.csproj", "{C115ED92-6949-411B-8AAA-58A8CA1BFEEE}"
EndProject
Project("{9A19103F-16F7-4668-BE54-9A1E7A4F7556}") = "MongoHelper.xUnitTests", "MongoHelper.xUnitTests\MongoHelper.xUnitTests.csproj", "{6790655D-3F5B-47F0-83C6-4C761FC3DB7A}"
EndProject
Project("{9A19103F-16F7-4668-BE54-9A1E7A4F7556}") = "ConfigurationHelperCore", "ConfigurationHelperCore\ConfigurationHelperCore.csproj", "{8F27D839-9538-411D-A8C5-3807DEA5815D}"
EndProject
Project("{2150E333-8FDC-42A3-9474-1A3956D46DE8}") = "DapperHelpes", "DapperHelpes", "{97F1314D-1A07-4AAB-A256-E9BBD23DFA61}"
EndProject
Project("{9A19103F-16F7-4668-BE54-9A1E7A4F7556}") = "DapperHelper", "DapperHelper\DapperHelper.csproj", "{530A58AF-C57A-4FEF-85F9-3E7AF1B7E86E}"
EndProject
Project("{9A19103F-16F7-4668-BE54-9A1E7A4F7556}") = "DapperHelper.xUnitTests", "DapperHelper.xUnitTests\DapperHelper.xUnitTests.csproj", "{1DB2E463-EE08-4669-844F-D4224DC5C33B}"
EndProject
Project("{2150E333-8FDC-42A3-9474-1A3956D46DE8}") = "PackUtilsCSharp", "PackUtilsCSharp", "{24C1B5A5-7598-44E8-94FD-448DCF8B720B}"
EndProject
Project("{9A19103F-16F7-4668-BE54-9A1E7A4F7556}") = "PackUtils", "PackUtils\PackUtils.csproj", "{73370CB6-92D2-4C43-9C11-49A8F6E0B066}"
EndProject
Project("{9A19103F-16F7-4668-BE54-9A1E7A4F7556}") = "PackUtils.Test", "PackUtils.Test\PackUtils.Test.csproj", "{A117D12E-72DC-4267-9E04-08B9FCBD8542}"
EndProject
Project("{9A19103F-16F7-4668-BE54-9A1E7A4F7556}") = "AsyncUtils", "AsyncUtils\AsyncUtils.csproj", "{923EB3B9-D9D7-44D3-94C0-D549A3B39BBC}"
EndProject
Project("{2150E333-8FDC-42A3-9474-1A3956D46DE8}") = "Async", "Async", "{2F1C9267-0D21-4ABD-BB0F-99551ECB1052}"
EndProject
Project("{9A19103F-16F7-4668-BE54-9A1E7A4F7556}") = "AsyncUtilsTest", "AsyncUtilsTest\AsyncUtilsTest.csproj", "{86F4925A-7B92-41F0-AF55-37693AE39B79}"
EndProject
Project("{9A19103F-16F7-4668-BE54-9A1E7A4F7556}") = "IO_Utils", "IO_Utils\IO_Utils.csproj", "{5327C6CD-0749-4612-82B4-10EB180D317F}"
EndProject
Project("{2150E333-8FDC-42A3-9474-1A3956D46DE8}") = "IO", "IO", "{F3B47065-2841-4F07-A5A2-81ABEF6C3CBB}"
EndProject
Project("{9A19103F-16F7-4668-BE54-9A1E7A4F7556}") = "IO_UtilsTests", "IO_UtilsTests\IO_UtilsTests.csproj", "{BC33F5FC-66DC-4FBF-87F6-B0A6C99CBAFC}"
EndProject
Project("{2150E333-8FDC-42A3-9474-1A3956D46DE8}") = "CollectionsConcurrent", "CollectionsConcurrent", "{17049CD4-9FEB-46AB-9937-9852EFDFF1CC}"
EndProject
Project("{9A19103F-16F7-4668-BE54-9A1E7A4F7556}") = "Collections.Concurrent", "Collections.Concurrent\Collections.Concurrent.csproj", "{599BA6A0-22A5-4D4B-BCB2-65D9623AE700}"
EndProject
Project("{9A19103F-16F7-4668-BE54-9A1E7A4F7556}") = "Collections.ConcurrentTests", "Collections.ConcurrentTests\Collections.ConcurrentTests.csproj", "{7EAD7838-3F84-4FD5-9985-76F3F7F5A8A6}"
EndProject
Project("{2150E333-8FDC-42A3-9474-1A3956D46DE8}") = "Cryptos", "Cryptos", "{1BD2C963-B257-4F44-B8CF-C9F21BA24120}"
EndProject
Project("{9A19103F-16F7-4668-BE54-9A1E7A4F7556}") = "Crypto", "Crypto\Crypto.csproj", "{344BB43E-5B1F-4C5B-ADBE-9051CFB4A035}"
EndProject
Project("{9A19103F-16F7-4668-BE54-9A1E7A4F7556}") = "CryptoTests", "CryptoTests\CryptoTests.csproj", "{337278EB-B334-4785-A6A7-E0F38E308CED}"
EndProject
Project("{2150E333-8FDC-42A3-9474-1A3956D46DE8}") = "EFCoreBulkExtensions", "EFCoreBulkExtensions", "{3992707A-9A50-4F56-96D5-5B6CD54520AA}"
	ProjectSection(SolutionItems) = preProject
		..\EFCore.BulkExtensions-master\CODE_OF_CONDUCT.md = ..\EFCore.BulkExtensions-master\CODE_OF_CONDUCT.md
		..\EFCore.BulkExtensions-master\CONTRIBUTING.md = ..\EFCore.BulkExtensions-master\CONTRIBUTING.md
		..\EFCore.BulkExtensions-master\README.md = ..\EFCore.BulkExtensions-master\README.md
	EndProjectSection
EndProject
Project("{9A19103F-16F7-4668-BE54-9A1E7A4F7556}") = "EFCore.BulkExtensions", "EFCore.BulkExtensions\EFCore.BulkExtensions.csproj", "{385A5E50-AECE-44A6-84C2-746D565F2F1B}"
EndProject
Project("{9A19103F-16F7-4668-BE54-9A1E7A4F7556}") = "EFCore.BulkExtensions.Tests", "EFCore.BulkExtensions.Tests\EFCore.BulkExtensions.Tests.csproj", "{81F65D51-05F2-4D42-AA03-C29C11F262B9}"
EndProject
Project("{9A19103F-16F7-4668-BE54-9A1E7A4F7556}") = "CSharpAdvancedConsole", "CSharpAdvancedConsole\CSharpAdvancedConsole.csproj", "{DC83FD49-3E5C-41FA-8F38-79190F84211A}"
EndProject
Project("{9A19103F-16F7-4668-BE54-9A1E7A4F7556}") = "CryptoConsoleApp", "CryptoConsoleApp\CryptoConsoleApp.csproj", "{A9F52CA3-F9D2-4D6F-87F7-7746A1CCEB60}"
EndProject
Project("{2150E333-8FDC-42A3-9474-1A3956D46DE8}") = "EFCore", "EFCore", "{7FC1F231-91A4-41A0-82C2-E81C7CA16172}"
EndProject
Project("{9A19103F-16F7-4668-BE54-9A1E7A4F7556}") = "AdvancedQuerying", "AdvancedQuerying\AdvancedQuerying.csproj", "{EC522DB0-DBD6-4DDE-82D5-E648425965D1}"
EndProject
Project("{9A19103F-16F7-4668-BE54-9A1E7A4F7556}") = "AdvancedRelations", "AdvancedRelations\AdvancedRelations.csproj", "{5F7630F9-4844-4AAE-BDF5-205469422276}"
EndProject
Project("{9A19103F-16F7-4668-BE54-9A1E7A4F7556}") = "AutoMappingObjects", "AutoMappingObjects\AutoMappingObjects.csproj", "{27557B9A-A84C-4261-B29A-7D7E7727AA03}"
EndProject
Project("{9A19103F-16F7-4668-BE54-9A1E7A4F7556}") = "ExternalFormatProcessing", "ExternalFormatProcessing\ExternalFormatProcessing.csproj", "{8C91659B-FDF4-4FF4-AB73-0C90684C7F44}"
EndProject
Project("{9A19103F-16F7-4668-BE54-9A1E7A4F7556}") = "JSONProcessing", "JSONProcessing\JSONProcessing.csproj", "{82E255FA-896F-47A7-ACD4-95D1B3670568}"
EndProject
Project("{9A19103F-16F7-4668-BE54-9A1E7A4F7556}") = "XMLProcessing", "XMLProcessing\XMLProcessing.csproj", "{DA722174-5D03-4E8E-95FD-B04E5AD7ADA4}"
EndProject
Project("{2150E333-8FDC-42A3-9474-1A3956D46DE8}") = "Caching", "Caching", "{3EEB844F-6933-4441-9CED-D1E2BA3CF68D}"
	ProjectSection(SolutionItems) = preProject
		website.txt = website.txt
	EndProjectSection
EndProject
Project("{9A19103F-16F7-4668-BE54-9A1E7A4F7556}") = "RedisCache", "RedisCache\RedisCache.csproj", "{7F524D56-B9B8-4A4E-8C58-7EAC81C9A58F}"
EndProject
Project("{9A19103F-16F7-4668-BE54-9A1E7A4F7556}") = "SqlServerCache", "SqlServerCache\SqlServerCache.csproj", "{F2693C87-2C5F-4149-8F30-A433043CDB68}"
EndProject
Project("{9A19103F-16F7-4668-BE54-9A1E7A4F7556}") = "MemoryCache", "MemoryCache\MemoryCache.csproj", "{7E44E2F4-2125-4E6D-A740-2F6DD6945DCE}"
EndProject
Project("{9A19103F-16F7-4668-BE54-9A1E7A4F7556}") = "MemoryCacheFileWatch", "MemoryCacheFileWatch\MemoryCacheFileWatch.csproj", "{292F8CBC-344C-491C-9DC0-789BE4D0FB88}"
EndProject
Project("{9A19103F-16F7-4668-BE54-9A1E7A4F7556}") = "HttpClientFactorySample", "HttpClientFactorySample\HttpClientFactorySample.csproj", "{E765E426-3683-4712-874F-74C049B08271}"
EndProject
Project("{2150E333-8FDC-42A3-9474-1A3956D46DE8}") = "SecurityStuff", "SecurityStuff", "{C43EFBF2-DCF2-44C3-B351-519753FA0694}"
EndProject
Project("{9A19103F-16F7-4668-BE54-9A1E7A4F7556}") = "DataProtections", "DataProtections\DataProtections.csproj", "{28543EE0-FC9A-4133-A897-AF9737572252}"
EndProject
Project("{FAE04EC0-301F-11D3-BF4B-00C04F79EFBC}") = "TempDirectory", "TempDirectory\TempDirectory.csproj", "{5DEA4419-1C0E-4E8E-BC0A-C973FFEF5425}"
EndProject
Project("{FAE04EC0-301F-11D3-BF4B-00C04F79EFBC}") = "TempDirectory.Tests", "TempDirectory.Tests\TempDirectory.Tests.csproj", "{77F607A3-4DC9-47ED-BD23-2F78E56648B0}"
EndProject
Project("{FAE04EC0-301F-11D3-BF4B-00C04F79EFBC}") = "RedisHelper", "RedisHelper\RedisHelper.csproj", "{1FCB91CE-CBDF-4DC2-9663-0E69294CE45E}"
EndProject
Project("{FAE04EC0-301F-11D3-BF4B-00C04F79EFBC}") = "RedisHelper.ConsoleTest", "RedisHelper.ConsoleTest\RedisHelper.ConsoleTest.csproj", "{0FB3B6D1-7320-4F40-98B1-6393AE42EA39}"
EndProject
Project("{FAE04EC0-301F-11D3-BF4B-00C04F79EFBC}") = "RedisHelper.Tests", "RedisHelper.Tests\RedisHelper.Tests.csproj", "{BAACE9B2-61C1-4E4D-8AE0-C99D89D8F2A3}"
EndProject
Global
	GlobalSection(SolutionConfigurationPlatforms) = preSolution
		Debug|Any CPU = Debug|Any CPU
		Release|Any CPU = Release|Any CPU
	EndGlobalSection
	GlobalSection(ProjectConfigurationPlatforms) = postSolution
		{39C5E752-BA50-4B0B-B543-FDCBC96276A6}.Debug|Any CPU.ActiveCfg = Debug|Any CPU
		{39C5E752-BA50-4B0B-B543-FDCBC96276A6}.Debug|Any CPU.Build.0 = Debug|Any CPU
		{39C5E752-BA50-4B0B-B543-FDCBC96276A6}.Release|Any CPU.ActiveCfg = Release|Any CPU
		{39C5E752-BA50-4B0B-B543-FDCBC96276A6}.Release|Any CPU.Build.0 = Release|Any CPU
		{8758F4EB-ED2D-4406-AA4E-DDF2B8673518}.Debug|Any CPU.ActiveCfg = Debug|Any CPU
		{8758F4EB-ED2D-4406-AA4E-DDF2B8673518}.Debug|Any CPU.Build.0 = Debug|Any CPU
		{8758F4EB-ED2D-4406-AA4E-DDF2B8673518}.Release|Any CPU.ActiveCfg = Release|Any CPU
		{8758F4EB-ED2D-4406-AA4E-DDF2B8673518}.Release|Any CPU.Build.0 = Release|Any CPU
		{C115ED92-6949-411B-8AAA-58A8CA1BFEEE}.Debug|Any CPU.ActiveCfg = Debug|Any CPU
		{C115ED92-6949-411B-8AAA-58A8CA1BFEEE}.Debug|Any CPU.Build.0 = Debug|Any CPU
		{C115ED92-6949-411B-8AAA-58A8CA1BFEEE}.Release|Any CPU.ActiveCfg = Release|Any CPU
		{C115ED92-6949-411B-8AAA-58A8CA1BFEEE}.Release|Any CPU.Build.0 = Release|Any CPU
		{6790655D-3F5B-47F0-83C6-4C761FC3DB7A}.Debug|Any CPU.ActiveCfg = Debug|Any CPU
		{6790655D-3F5B-47F0-83C6-4C761FC3DB7A}.Debug|Any CPU.Build.0 = Debug|Any CPU
		{6790655D-3F5B-47F0-83C6-4C761FC3DB7A}.Release|Any CPU.ActiveCfg = Release|Any CPU
		{6790655D-3F5B-47F0-83C6-4C761FC3DB7A}.Release|Any CPU.Build.0 = Release|Any CPU
		{8F27D839-9538-411D-A8C5-3807DEA5815D}.Debug|Any CPU.ActiveCfg = Debug|Any CPU
		{8F27D839-9538-411D-A8C5-3807DEA5815D}.Debug|Any CPU.Build.0 = Debug|Any CPU
		{8F27D839-9538-411D-A8C5-3807DEA5815D}.Release|Any CPU.ActiveCfg = Release|Any CPU
		{8F27D839-9538-411D-A8C5-3807DEA5815D}.Release|Any CPU.Build.0 = Release|Any CPU
		{530A58AF-C57A-4FEF-85F9-3E7AF1B7E86E}.Debug|Any CPU.ActiveCfg = Debug|Any CPU
		{530A58AF-C57A-4FEF-85F9-3E7AF1B7E86E}.Debug|Any CPU.Build.0 = Debug|Any CPU
		{530A58AF-C57A-4FEF-85F9-3E7AF1B7E86E}.Release|Any CPU.ActiveCfg = Release|Any CPU
		{530A58AF-C57A-4FEF-85F9-3E7AF1B7E86E}.Release|Any CPU.Build.0 = Release|Any CPU
		{1DB2E463-EE08-4669-844F-D4224DC5C33B}.Debug|Any CPU.ActiveCfg = Debug|Any CPU
		{1DB2E463-EE08-4669-844F-D4224DC5C33B}.Debug|Any CPU.Build.0 = Debug|Any CPU
		{1DB2E463-EE08-4669-844F-D4224DC5C33B}.Release|Any CPU.ActiveCfg = Release|Any CPU
		{1DB2E463-EE08-4669-844F-D4224DC5C33B}.Release|Any CPU.Build.0 = Release|Any CPU
		{73370CB6-92D2-4C43-9C11-49A8F6E0B066}.Debug|Any CPU.ActiveCfg = Debug|Any CPU
		{73370CB6-92D2-4C43-9C11-49A8F6E0B066}.Debug|Any CPU.Build.0 = Debug|Any CPU
		{73370CB6-92D2-4C43-9C11-49A8F6E0B066}.Release|Any CPU.ActiveCfg = Release|Any CPU
		{73370CB6-92D2-4C43-9C11-49A8F6E0B066}.Release|Any CPU.Build.0 = Release|Any CPU
		{A117D12E-72DC-4267-9E04-08B9FCBD8542}.Debug|Any CPU.ActiveCfg = Debug|Any CPU
		{A117D12E-72DC-4267-9E04-08B9FCBD8542}.Debug|Any CPU.Build.0 = Debug|Any CPU
		{A117D12E-72DC-4267-9E04-08B9FCBD8542}.Release|Any CPU.ActiveCfg = Release|Any CPU
		{A117D12E-72DC-4267-9E04-08B9FCBD8542}.Release|Any CPU.Build.0 = Release|Any CPU
		{923EB3B9-D9D7-44D3-94C0-D549A3B39BBC}.Debug|Any CPU.ActiveCfg = Debug|Any CPU
		{923EB3B9-D9D7-44D3-94C0-D549A3B39BBC}.Debug|Any CPU.Build.0 = Debug|Any CPU
		{923EB3B9-D9D7-44D3-94C0-D549A3B39BBC}.Release|Any CPU.ActiveCfg = Release|Any CPU
		{923EB3B9-D9D7-44D3-94C0-D549A3B39BBC}.Release|Any CPU.Build.0 = Release|Any CPU
		{86F4925A-7B92-41F0-AF55-37693AE39B79}.Debug|Any CPU.ActiveCfg = Debug|Any CPU
		{86F4925A-7B92-41F0-AF55-37693AE39B79}.Debug|Any CPU.Build.0 = Debug|Any CPU
		{86F4925A-7B92-41F0-AF55-37693AE39B79}.Release|Any CPU.ActiveCfg = Release|Any CPU
		{86F4925A-7B92-41F0-AF55-37693AE39B79}.Release|Any CPU.Build.0 = Release|Any CPU
		{5327C6CD-0749-4612-82B4-10EB180D317F}.Debug|Any CPU.ActiveCfg = Debug|Any CPU
		{5327C6CD-0749-4612-82B4-10EB180D317F}.Debug|Any CPU.Build.0 = Debug|Any CPU
		{5327C6CD-0749-4612-82B4-10EB180D317F}.Release|Any CPU.ActiveCfg = Release|Any CPU
		{5327C6CD-0749-4612-82B4-10EB180D317F}.Release|Any CPU.Build.0 = Release|Any CPU
		{BC33F5FC-66DC-4FBF-87F6-B0A6C99CBAFC}.Debug|Any CPU.ActiveCfg = Debug|Any CPU
		{BC33F5FC-66DC-4FBF-87F6-B0A6C99CBAFC}.Debug|Any CPU.Build.0 = Debug|Any CPU
		{BC33F5FC-66DC-4FBF-87F6-B0A6C99CBAFC}.Release|Any CPU.ActiveCfg = Release|Any CPU
		{BC33F5FC-66DC-4FBF-87F6-B0A6C99CBAFC}.Release|Any CPU.Build.0 = Release|Any CPU
		{599BA6A0-22A5-4D4B-BCB2-65D9623AE700}.Debug|Any CPU.ActiveCfg = Debug|Any CPU
		{599BA6A0-22A5-4D4B-BCB2-65D9623AE700}.Debug|Any CPU.Build.0 = Debug|Any CPU
		{599BA6A0-22A5-4D4B-BCB2-65D9623AE700}.Release|Any CPU.ActiveCfg = Release|Any CPU
		{599BA6A0-22A5-4D4B-BCB2-65D9623AE700}.Release|Any CPU.Build.0 = Release|Any CPU
		{7EAD7838-3F84-4FD5-9985-76F3F7F5A8A6}.Debug|Any CPU.ActiveCfg = Debug|Any CPU
		{7EAD7838-3F84-4FD5-9985-76F3F7F5A8A6}.Debug|Any CPU.Build.0 = Debug|Any CPU
		{7EAD7838-3F84-4FD5-9985-76F3F7F5A8A6}.Release|Any CPU.ActiveCfg = Release|Any CPU
		{7EAD7838-3F84-4FD5-9985-76F3F7F5A8A6}.Release|Any CPU.Build.0 = Release|Any CPU
		{344BB43E-5B1F-4C5B-ADBE-9051CFB4A035}.Debug|Any CPU.ActiveCfg = Debug|Any CPU
		{344BB43E-5B1F-4C5B-ADBE-9051CFB4A035}.Debug|Any CPU.Build.0 = Debug|Any CPU
		{344BB43E-5B1F-4C5B-ADBE-9051CFB4A035}.Release|Any CPU.ActiveCfg = Release|Any CPU
		{344BB43E-5B1F-4C5B-ADBE-9051CFB4A035}.Release|Any CPU.Build.0 = Release|Any CPU
		{337278EB-B334-4785-A6A7-E0F38E308CED}.Debug|Any CPU.ActiveCfg = Debug|Any CPU
		{337278EB-B334-4785-A6A7-E0F38E308CED}.Debug|Any CPU.Build.0 = Debug|Any CPU
		{337278EB-B334-4785-A6A7-E0F38E308CED}.Release|Any CPU.ActiveCfg = Release|Any CPU
		{337278EB-B334-4785-A6A7-E0F38E308CED}.Release|Any CPU.Build.0 = Release|Any CPU
		{385A5E50-AECE-44A6-84C2-746D565F2F1B}.Debug|Any CPU.ActiveCfg = Debug|Any CPU
		{385A5E50-AECE-44A6-84C2-746D565F2F1B}.Debug|Any CPU.Build.0 = Debug|Any CPU
		{385A5E50-AECE-44A6-84C2-746D565F2F1B}.Release|Any CPU.ActiveCfg = Release|Any CPU
		{385A5E50-AECE-44A6-84C2-746D565F2F1B}.Release|Any CPU.Build.0 = Release|Any CPU
		{81F65D51-05F2-4D42-AA03-C29C11F262B9}.Debug|Any CPU.ActiveCfg = Debug|Any CPU
		{81F65D51-05F2-4D42-AA03-C29C11F262B9}.Debug|Any CPU.Build.0 = Debug|Any CPU
		{81F65D51-05F2-4D42-AA03-C29C11F262B9}.Release|Any CPU.ActiveCfg = Release|Any CPU
		{81F65D51-05F2-4D42-AA03-C29C11F262B9}.Release|Any CPU.Build.0 = Release|Any CPU
		{DC83FD49-3E5C-41FA-8F38-79190F84211A}.Debug|Any CPU.ActiveCfg = Debug|Any CPU
		{DC83FD49-3E5C-41FA-8F38-79190F84211A}.Debug|Any CPU.Build.0 = Debug|Any CPU
		{DC83FD49-3E5C-41FA-8F38-79190F84211A}.Release|Any CPU.ActiveCfg = Release|Any CPU
		{DC83FD49-3E5C-41FA-8F38-79190F84211A}.Release|Any CPU.Build.0 = Release|Any CPU
		{A9F52CA3-F9D2-4D6F-87F7-7746A1CCEB60}.Debug|Any CPU.ActiveCfg = Debug|Any CPU
		{A9F52CA3-F9D2-4D6F-87F7-7746A1CCEB60}.Debug|Any CPU.Build.0 = Debug|Any CPU
		{A9F52CA3-F9D2-4D6F-87F7-7746A1CCEB60}.Release|Any CPU.ActiveCfg = Release|Any CPU
		{A9F52CA3-F9D2-4D6F-87F7-7746A1CCEB60}.Release|Any CPU.Build.0 = Release|Any CPU
		{EC522DB0-DBD6-4DDE-82D5-E648425965D1}.Debug|Any CPU.ActiveCfg = Debug|Any CPU
		{EC522DB0-DBD6-4DDE-82D5-E648425965D1}.Debug|Any CPU.Build.0 = Debug|Any CPU
		{EC522DB0-DBD6-4DDE-82D5-E648425965D1}.Release|Any CPU.ActiveCfg = Release|Any CPU
		{EC522DB0-DBD6-4DDE-82D5-E648425965D1}.Release|Any CPU.Build.0 = Release|Any CPU
		{5F7630F9-4844-4AAE-BDF5-205469422276}.Debug|Any CPU.ActiveCfg = Debug|Any CPU
		{5F7630F9-4844-4AAE-BDF5-205469422276}.Debug|Any CPU.Build.0 = Debug|Any CPU
		{5F7630F9-4844-4AAE-BDF5-205469422276}.Release|Any CPU.ActiveCfg = Release|Any CPU
		{5F7630F9-4844-4AAE-BDF5-205469422276}.Release|Any CPU.Build.0 = Release|Any CPU
		{27557B9A-A84C-4261-B29A-7D7E7727AA03}.Debug|Any CPU.ActiveCfg = Debug|Any CPU
		{27557B9A-A84C-4261-B29A-7D7E7727AA03}.Debug|Any CPU.Build.0 = Debug|Any CPU
		{27557B9A-A84C-4261-B29A-7D7E7727AA03}.Release|Any CPU.ActiveCfg = Release|Any CPU
		{27557B9A-A84C-4261-B29A-7D7E7727AA03}.Release|Any CPU.Build.0 = Release|Any CPU
		{8C91659B-FDF4-4FF4-AB73-0C90684C7F44}.Debug|Any CPU.ActiveCfg = Debug|Any CPU
		{8C91659B-FDF4-4FF4-AB73-0C90684C7F44}.Debug|Any CPU.Build.0 = Debug|Any CPU
		{8C91659B-FDF4-4FF4-AB73-0C90684C7F44}.Release|Any CPU.ActiveCfg = Release|Any CPU
		{8C91659B-FDF4-4FF4-AB73-0C90684C7F44}.Release|Any CPU.Build.0 = Release|Any CPU
		{82E255FA-896F-47A7-ACD4-95D1B3670568}.Debug|Any CPU.ActiveCfg = Debug|Any CPU
		{82E255FA-896F-47A7-ACD4-95D1B3670568}.Debug|Any CPU.Build.0 = Debug|Any CPU
		{82E255FA-896F-47A7-ACD4-95D1B3670568}.Release|Any CPU.ActiveCfg = Release|Any CPU
		{82E255FA-896F-47A7-ACD4-95D1B3670568}.Release|Any CPU.Build.0 = Release|Any CPU
		{DA722174-5D03-4E8E-95FD-B04E5AD7ADA4}.Debug|Any CPU.ActiveCfg = Debug|Any CPU
		{DA722174-5D03-4E8E-95FD-B04E5AD7ADA4}.Debug|Any CPU.Build.0 = Debug|Any CPU
		{DA722174-5D03-4E8E-95FD-B04E5AD7ADA4}.Release|Any CPU.ActiveCfg = Release|Any CPU
		{DA722174-5D03-4E8E-95FD-B04E5AD7ADA4}.Release|Any CPU.Build.0 = Release|Any CPU
		{7F524D56-B9B8-4A4E-8C58-7EAC81C9A58F}.Debug|Any CPU.ActiveCfg = Debug|Any CPU
		{7F524D56-B9B8-4A4E-8C58-7EAC81C9A58F}.Debug|Any CPU.Build.0 = Debug|Any CPU
		{7F524D56-B9B8-4A4E-8C58-7EAC81C9A58F}.Release|Any CPU.ActiveCfg = Release|Any CPU
		{7F524D56-B9B8-4A4E-8C58-7EAC81C9A58F}.Release|Any CPU.Build.0 = Release|Any CPU
		{F2693C87-2C5F-4149-8F30-A433043CDB68}.Debug|Any CPU.ActiveCfg = Debug|Any CPU
		{F2693C87-2C5F-4149-8F30-A433043CDB68}.Debug|Any CPU.Build.0 = Debug|Any CPU
		{F2693C87-2C5F-4149-8F30-A433043CDB68}.Release|Any CPU.ActiveCfg = Release|Any CPU
		{F2693C87-2C5F-4149-8F30-A433043CDB68}.Release|Any CPU.Build.0 = Release|Any CPU
		{7E44E2F4-2125-4E6D-A740-2F6DD6945DCE}.Debug|Any CPU.ActiveCfg = Debug|Any CPU
		{7E44E2F4-2125-4E6D-A740-2F6DD6945DCE}.Debug|Any CPU.Build.0 = Debug|Any CPU
		{7E44E2F4-2125-4E6D-A740-2F6DD6945DCE}.Release|Any CPU.ActiveCfg = Release|Any CPU
		{7E44E2F4-2125-4E6D-A740-2F6DD6945DCE}.Release|Any CPU.Build.0 = Release|Any CPU
		{292F8CBC-344C-491C-9DC0-789BE4D0FB88}.Debug|Any CPU.ActiveCfg = Debug|Any CPU
		{292F8CBC-344C-491C-9DC0-789BE4D0FB88}.Debug|Any CPU.Build.0 = Debug|Any CPU
		{292F8CBC-344C-491C-9DC0-789BE4D0FB88}.Release|Any CPU.ActiveCfg = Release|Any CPU
		{292F8CBC-344C-491C-9DC0-789BE4D0FB88}.Release|Any CPU.Build.0 = Release|Any CPU
		{E765E426-3683-4712-874F-74C049B08271}.Debug|Any CPU.ActiveCfg = Debug|Any CPU
		{E765E426-3683-4712-874F-74C049B08271}.Debug|Any CPU.Build.0 = Debug|Any CPU
		{E765E426-3683-4712-874F-74C049B08271}.Release|Any CPU.ActiveCfg = Release|Any CPU
		{E765E426-3683-4712-874F-74C049B08271}.Release|Any CPU.Build.0 = Release|Any CPU
		{28543EE0-FC9A-4133-A897-AF9737572252}.Debug|Any CPU.ActiveCfg = Debug|Any CPU
		{28543EE0-FC9A-4133-A897-AF9737572252}.Debug|Any CPU.Build.0 = Debug|Any CPU
		{28543EE0-FC9A-4133-A897-AF9737572252}.Release|Any CPU.ActiveCfg = Release|Any CPU
		{28543EE0-FC9A-4133-A897-AF9737572252}.Release|Any CPU.Build.0 = Release|Any CPU
		{5DEA4419-1C0E-4E8E-BC0A-C973FFEF5425}.Debug|Any CPU.ActiveCfg = Debug|Any CPU
		{5DEA4419-1C0E-4E8E-BC0A-C973FFEF5425}.Debug|Any CPU.Build.0 = Debug|Any CPU
		{5DEA4419-1C0E-4E8E-BC0A-C973FFEF5425}.Release|Any CPU.ActiveCfg = Release|Any CPU
		{5DEA4419-1C0E-4E8E-BC0A-C973FFEF5425}.Release|Any CPU.Build.0 = Release|Any CPU
		{77F607A3-4DC9-47ED-BD23-2F78E56648B0}.Debug|Any CPU.ActiveCfg = Debug|Any CPU
		{77F607A3-4DC9-47ED-BD23-2F78E56648B0}.Debug|Any CPU.Build.0 = Debug|Any CPU
		{77F607A3-4DC9-47ED-BD23-2F78E56648B0}.Release|Any CPU.ActiveCfg = Release|Any CPU
		{77F607A3-4DC9-47ED-BD23-2F78E56648B0}.Release|Any CPU.Build.0 = Release|Any CPU
		{1FCB91CE-CBDF-4DC2-9663-0E69294CE45E}.Debug|Any CPU.ActiveCfg = Debug|Any CPU
		{1FCB91CE-CBDF-4DC2-9663-0E69294CE45E}.Debug|Any CPU.Build.0 = Debug|Any CPU
		{1FCB91CE-CBDF-4DC2-9663-0E69294CE45E}.Release|Any CPU.ActiveCfg = Release|Any CPU
		{1FCB91CE-CBDF-4DC2-9663-0E69294CE45E}.Release|Any CPU.Build.0 = Release|Any CPU
		{0FB3B6D1-7320-4F40-98B1-6393AE42EA39}.Debug|Any CPU.ActiveCfg = Debug|Any CPU
		{0FB3B6D1-7320-4F40-98B1-6393AE42EA39}.Debug|Any CPU.Build.0 = Debug|Any CPU
		{0FB3B6D1-7320-4F40-98B1-6393AE42EA39}.Release|Any CPU.ActiveCfg = Release|Any CPU
		{0FB3B6D1-7320-4F40-98B1-6393AE42EA39}.Release|Any CPU.Build.0 = Release|Any CPU
		{BAACE9B2-61C1-4E4D-8AE0-C99D89D8F2A3}.Debug|Any CPU.ActiveCfg = Debug|Any CPU
		{BAACE9B2-61C1-4E4D-8AE0-C99D89D8F2A3}.Debug|Any CPU.Build.0 = Debug|Any CPU
		{BAACE9B2-61C1-4E4D-8AE0-C99D89D8F2A3}.Release|Any CPU.ActiveCfg = Release|Any CPU
		{BAACE9B2-61C1-4E4D-8AE0-C99D89D8F2A3}.Release|Any CPU.Build.0 = Release|Any CPU
	EndGlobalSection
	GlobalSection(SolutionProperties) = preSolution
		HideSolutionNode = FALSE
	EndGlobalSection
	GlobalSection(NestedProjects) = preSolution
		{8758F4EB-ED2D-4406-AA4E-DDF2B8673518} = {4D86A36A-78ED-405C-B502-073932A26B55}
		{C115ED92-6949-411B-8AAA-58A8CA1BFEEE} = {4D86A36A-78ED-405C-B502-073932A26B55}
		{6790655D-3F5B-47F0-83C6-4C761FC3DB7A} = {4D86A36A-78ED-405C-B502-073932A26B55}
		{530A58AF-C57A-4FEF-85F9-3E7AF1B7E86E} = {97F1314D-1A07-4AAB-A256-E9BBD23DFA61}
		{1DB2E463-EE08-4669-844F-D4224DC5C33B} = {97F1314D-1A07-4AAB-A256-E9BBD23DFA61}
		{73370CB6-92D2-4C43-9C11-49A8F6E0B066} = {24C1B5A5-7598-44E8-94FD-448DCF8B720B}
		{A117D12E-72DC-4267-9E04-08B9FCBD8542} = {24C1B5A5-7598-44E8-94FD-448DCF8B720B}
		{923EB3B9-D9D7-44D3-94C0-D549A3B39BBC} = {2F1C9267-0D21-4ABD-BB0F-99551ECB1052}
		{86F4925A-7B92-41F0-AF55-37693AE39B79} = {2F1C9267-0D21-4ABD-BB0F-99551ECB1052}
		{5327C6CD-0749-4612-82B4-10EB180D317F} = {F3B47065-2841-4F07-A5A2-81ABEF6C3CBB}
		{BC33F5FC-66DC-4FBF-87F6-B0A6C99CBAFC} = {F3B47065-2841-4F07-A5A2-81ABEF6C3CBB}
		{599BA6A0-22A5-4D4B-BCB2-65D9623AE700} = {17049CD4-9FEB-46AB-9937-9852EFDFF1CC}
		{7EAD7838-3F84-4FD5-9985-76F3F7F5A8A6} = {17049CD4-9FEB-46AB-9937-9852EFDFF1CC}
		{344BB43E-5B1F-4C5B-ADBE-9051CFB4A035} = {1BD2C963-B257-4F44-B8CF-C9F21BA24120}
		{337278EB-B334-4785-A6A7-E0F38E308CED} = {1BD2C963-B257-4F44-B8CF-C9F21BA24120}
		{385A5E50-AECE-44A6-84C2-746D565F2F1B} = {3992707A-9A50-4F56-96D5-5B6CD54520AA}
		{81F65D51-05F2-4D42-AA03-C29C11F262B9} = {3992707A-9A50-4F56-96D5-5B6CD54520AA}
		{DC83FD49-3E5C-41FA-8F38-79190F84211A} = {24C1B5A5-7598-44E8-94FD-448DCF8B720B}
		{A9F52CA3-F9D2-4D6F-87F7-7746A1CCEB60} = {1BD2C963-B257-4F44-B8CF-C9F21BA24120}
		{EC522DB0-DBD6-4DDE-82D5-E648425965D1} = {7FC1F231-91A4-41A0-82C2-E81C7CA16172}
		{5F7630F9-4844-4AAE-BDF5-205469422276} = {7FC1F231-91A4-41A0-82C2-E81C7CA16172}
		{27557B9A-A84C-4261-B29A-7D7E7727AA03} = {7FC1F231-91A4-41A0-82C2-E81C7CA16172}
		{8C91659B-FDF4-4FF4-AB73-0C90684C7F44} = {7FC1F231-91A4-41A0-82C2-E81C7CA16172}
		{82E255FA-896F-47A7-ACD4-95D1B3670568} = {7FC1F231-91A4-41A0-82C2-E81C7CA16172}
		{DA722174-5D03-4E8E-95FD-B04E5AD7ADA4} = {7FC1F231-91A4-41A0-82C2-E81C7CA16172}
		{7F524D56-B9B8-4A4E-8C58-7EAC81C9A58F} = {3EEB844F-6933-4441-9CED-D1E2BA3CF68D}
		{F2693C87-2C5F-4149-8F30-A433043CDB68} = {3EEB844F-6933-4441-9CED-D1E2BA3CF68D}
		{7E44E2F4-2125-4E6D-A740-2F6DD6945DCE} = {3EEB844F-6933-4441-9CED-D1E2BA3CF68D}
		{292F8CBC-344C-491C-9DC0-789BE4D0FB88} = {3EEB844F-6933-4441-9CED-D1E2BA3CF68D}
		{28543EE0-FC9A-4133-A897-AF9737572252} = {C43EFBF2-DCF2-44C3-B351-519753FA0694}
		{5DEA4419-1C0E-4E8E-BC0A-C973FFEF5425} = {F3B47065-2841-4F07-A5A2-81ABEF6C3CBB}
		{77F607A3-4DC9-47ED-BD23-2F78E56648B0} = {F3B47065-2841-4F07-A5A2-81ABEF6C3CBB}
		{1FCB91CE-CBDF-4DC2-9663-0E69294CE45E} = {3EEB844F-6933-4441-9CED-D1E2BA3CF68D}
		{0FB3B6D1-7320-4F40-98B1-6393AE42EA39} = {3EEB844F-6933-4441-9CED-D1E2BA3CF68D}
		{BAACE9B2-61C1-4E4D-8AE0-C99D89D8F2A3} = {3EEB844F-6933-4441-9CED-D1E2BA3CF68D}
	EndGlobalSection
	GlobalSection(ExtensibilityGlobals) = postSolution
		SolutionGuid = {E6FA8D6A-7E9E-43D2-87FC-226DFCE7816E}
	EndGlobalSection
EndGlobal
